<?xml version="1.0" encoding="utf-8"?>
<Project ToolsVersion="17.0" xmlns="http://schemas.microsoft.com/developer/msbuild/2003">
  <ItemGroup>
    <CustomBuild Include="C:\Development\Space_Shooter\build6\CMakeFiles\acb6fdcd652db12570b9336feb965d83\generate.stamp.rule">
      <Filter>CMake Rules</Filter>
    </CustomBuild>
  </ItemGroup>
  <ItemGroup>
    <Filter Include="CMake Rules">
      <UniqueIdentifier>{98D52BF0-2CE6-3D65-874C-A3ECCBC9C411}</UniqueIdentifier>
    </Filter>
  </ItemGroup>
</Project>
