<?xml version="1.0" encoding="utf-8"?>
<Project ToolsVersion="17.0" xmlns="http://schemas.microsoft.com/developer/msbuild/2003">
  <ItemGroup>
    <CustomBuild Include="C:\Development\Space_Shooter\build3\CMakeFiles\e2bb8f490f4c03eb59608c538c1951bf\generate.stamp.rule">
      <Filter>CMake Rules</Filter>
    </CustomBuild>
  </ItemGroup>
  <ItemGroup>
    <Filter Include="CMake Rules">
      <UniqueIdentifier>{2AE1FFD9-9759-3468-9382-0351CAD642D0}</UniqueIdentifier>
    </Filter>
  </ItemGroup>
</Project>
