
Microsoft Visual Studio Solution File, Format Version 12.00
# Visual Studio Version 17
Project("{8BC9CEB8-8B4A-11D0-8D11-00A0C91BC942}") = "ALL_BUILD", "ALL_BUILD.vcxproj", "{D4F3B67B-DDE6-3C20-AB4C-88378B247E08}"
	ProjectSection(ProjectDependencies) = postProject
		{C055B625-6685-333D-BC1E-E6B1858B234F} = {C055B625-6685-333D-BC1E-E6B1858B234F}
		{64F23B88-B956-3826-B73F-623921A98ACE} = {64F23B88-B956-3826-B73F-623921A98ACE}
	EndProjectSection
EndProject
Project("{8BC9CEB8-8B4A-11D0-8D11-00A0C91BC942}") = "SpaceShooter", "SpaceShooter.vcxproj", "{C055B625-6685-333D-BC1E-E6B1858B234F}"
	ProjectSection(ProjectDependencies) = postProject
		{64F23B88-B956-3826-B73F-623921A98ACE} = {64F23B88-B956-3826-B73F-623921A98ACE}
	EndProjectSection
EndProject
Project("{8BC9CEB8-8B4A-11D0-8D11-00A0C91BC942}") = "ZERO_CHECK", "ZERO_CHECK.vcxproj", "{64F23B88-B956-3826-B73F-623921A98ACE}"
	ProjectSection(ProjectDependencies) = postProject
	EndProjectSection
EndProject
Global
	GlobalSection(SolutionConfigurationPlatforms) = preSolution
		Debug|x64 = Debug|x64
		Release|x64 = Release|x64
		MinSizeRel|x64 = MinSizeRel|x64
		RelWithDebInfo|x64 = RelWithDebInfo|x64
	EndGlobalSection
	GlobalSection(ProjectConfigurationPlatforms) = postSolution
		{D4F3B67B-DDE6-3C20-AB4C-88378B247E08}.Debug|x64.ActiveCfg = Debug|x64
		{D4F3B67B-DDE6-3C20-AB4C-88378B247E08}.Release|x64.ActiveCfg = Release|x64
		{D4F3B67B-DDE6-3C20-AB4C-88378B247E08}.MinSizeRel|x64.ActiveCfg = MinSizeRel|x64
		{D4F3B67B-DDE6-3C20-AB4C-88378B247E08}.RelWithDebInfo|x64.ActiveCfg = RelWithDebInfo|x64
		{C055B625-6685-333D-BC1E-E6B1858B234F}.Debug|x64.ActiveCfg = Debug|x64
		{C055B625-6685-333D-BC1E-E6B1858B234F}.Debug|x64.Build.0 = Debug|x64
		{C055B625-6685-333D-BC1E-E6B1858B234F}.Release|x64.ActiveCfg = Release|x64
		{C055B625-6685-333D-BC1E-E6B1858B234F}.Release|x64.Build.0 = Release|x64
		{C055B625-6685-333D-BC1E-E6B1858B234F}.MinSizeRel|x64.ActiveCfg = MinSizeRel|x64
		{C055B625-6685-333D-BC1E-E6B1858B234F}.MinSizeRel|x64.Build.0 = MinSizeRel|x64
		{C055B625-6685-333D-BC1E-E6B1858B234F}.RelWithDebInfo|x64.ActiveCfg = RelWithDebInfo|x64
		{C055B625-6685-333D-BC1E-E6B1858B234F}.RelWithDebInfo|x64.Build.0 = RelWithDebInfo|x64
		{64F23B88-B956-3826-B73F-623921A98ACE}.Debug|x64.ActiveCfg = Debug|x64
		{64F23B88-B956-3826-B73F-623921A98ACE}.Debug|x64.Build.0 = Debug|x64
		{64F23B88-B956-3826-B73F-623921A98ACE}.Release|x64.ActiveCfg = Release|x64
		{64F23B88-B956-3826-B73F-623921A98ACE}.Release|x64.Build.0 = Release|x64
		{64F23B88-B956-3826-B73F-623921A98ACE}.MinSizeRel|x64.ActiveCfg = MinSizeRel|x64
		{64F23B88-B956-3826-B73F-623921A98ACE}.MinSizeRel|x64.Build.0 = MinSizeRel|x64
		{64F23B88-B956-3826-B73F-623921A98ACE}.RelWithDebInfo|x64.ActiveCfg = RelWithDebInfo|x64
		{64F23B88-B956-3826-B73F-623921A98ACE}.RelWithDebInfo|x64.Build.0 = RelWithDebInfo|x64
	EndGlobalSection
	GlobalSection(ExtensibilityGlobals) = postSolution
		SolutionGuid = {A68094DA-1B52-3124-B14C-37F16E0775BB}
	EndGlobalSection
	GlobalSection(ExtensibilityAddIns) = postSolution
	EndGlobalSection
EndGlobal
