<?xml version="1.0" encoding="utf-8"?>
<Project ToolsVersion="17.0" xmlns="http://schemas.microsoft.com/developer/msbuild/2003">
  <ItemGroup>
    <CustomBuild Include="C:\Development\Space_Shooter\build5\CMakeFiles\c0e7385f6b38fa4fabbd627a2bfb19ac\generate.stamp.rule">
      <Filter>CMake Rules</Filter>
    </CustomBuild>
  </ItemGroup>
  <ItemGroup>
    <Filter Include="CMake Rules">
      <UniqueIdentifier>{87F93899-C78A-33E8-A11D-E371EC159AC6}</UniqueIdentifier>
    </Filter>
  </ItemGroup>
</Project>
